
Microsoft Visual Studio Solution File, Format Version 12.00
# Visual Studio Version 17
VisualStudioVersion = 17.2.32616.157
MinimumVisualStudioVersion = 10.0.40219.1
Project("{FAE04EC0-301F-11D3-BF4B-00C04F79EFBC}") = "StorageQueueDemo.Sender", "StorageQueueDemo.Sender\StorageQueueDemo.Sender.csproj", "{E6C2CE96-0704-4F1E-BE0F-71D601B7CB97}"
EndProject
Project("{FAE04EC0-301F-11D3-BF4B-00C04F79EFBC}") = "StorageQueueDemo.Receiver", "StorageQueueDemo.Receiver\StorageQueueDemo.Receiver.csproj", "{E8B025A4-2337-4F6A-9BE6-65EBDF9DDD61}"
EndProject
Project("{FAE04EC0-301F-11D3-BF4B-00C04F79EFBC}") = "StorageQueueDemo.Core", "StorageQueueDemo.Core\StorageQueueDemo.Core.csproj", "{DF62705E-72AC-4CAD-B719-3A03871963C8}"
EndProject
Global
	GlobalSection(SolutionConfigurationPlatforms) = preSolution
		Debug|Any CPU = Debug|Any CPU
		Release|Any CPU = Release|Any CPU
	EndGlobalSection
	GlobalSection(ProjectConfigurationPlatforms) = postSolution
		{E6C2CE96-0704-4F1E-BE0F-71D601B7CB97}.Debug|Any CPU.ActiveCfg = Debug|Any CPU
		{E6C2CE96-0704-4F1E-BE0F-71D601B7CB97}.Debug|Any CPU.Build.0 = Debug|Any CPU
		{E6C2CE96-0704-4F1E-BE0F-71D601B7CB97}.Release|Any CPU.ActiveCfg = Release|Any CPU
		{E6C2CE96-0704-4F1E-BE0F-71D601B7CB97}.Release|Any CPU.Build.0 = Release|Any CPU
		{E8B025A4-2337-4F6A-9BE6-65EBDF9DDD61}.Debug|Any CPU.ActiveCfg = Debug|Any CPU
		{E8B025A4-2337-4F6A-9BE6-65EBDF9DDD61}.Debug|Any CPU.Build.0 = Debug|Any CPU
		{E8B025A4-2337-4F6A-9BE6-65EBDF9DDD61}.Release|Any CPU.ActiveCfg = Release|Any CPU
		{E8B025A4-2337-4F6A-9BE6-65EBDF9DDD61}.Release|Any CPU.Build.0 = Release|Any CPU
		{DF62705E-72AC-4CAD-B719-3A03871963C8}.Debug|Any CPU.ActiveCfg = Debug|Any CPU
		{DF62705E-72AC-4CAD-B719-3A03871963C8}.Debug|Any CPU.Build.0 = Debug|Any CPU
		{DF62705E-72AC-4CAD-B719-3A03871963C8}.Release|Any CPU.ActiveCfg = Release|Any CPU
		{DF62705E-72AC-4CAD-B719-3A03871963C8}.Release|Any CPU.Build.0 = Release|Any CPU
	EndGlobalSection
	GlobalSection(SolutionProperties) = preSolution
		HideSolutionNode = FALSE
	EndGlobalSection
	GlobalSection(ExtensibilityGlobals) = postSolution
		SolutionGuid = {E6BF6576-297C-45BB-AC8F-07FDF31E2B5F}
	EndGlobalSection
EndGlobal
